
Microsoft Visual Studio Solution File, Format Version 12.00
# Visual Studio Version 17
VisualStudioVersion = 17.7.34009.444
MinimumVisualStudioVersion = 10.0.40219.1
Project("{FAE04EC0-301F-11D3-BF4B-00C04F79EFBC}") = "MAUICollectionViewDropTest", "MAUICollectionViewDropTest\MAUICollectionViewDropTest.csproj", "{3192EBD0-48D5-4731-8A94-9399D38C16D0}"
EndProject
Global
	GlobalSection(SolutionConfigurationPlatforms) = preSolution
		Debug|Any CPU = Debug|Any CPU
		Release|Any CPU = Release|Any CPU
	EndGlobalSection
	GlobalSection(ProjectConfigurationPlatforms) = postSolution
		{3192EBD0-48D5-4731-8A94-9399D38C16D0}.Debug|Any CPU.ActiveCfg = Debug|Any CPU
		{3192EBD0-48D5-4731-8A94-9399D38C16D0}.Debug|Any CPU.Build.0 = Debug|Any CPU
		{3192EBD0-48D5-4731-8A94-9399D38C16D0}.Debug|Any CPU.Deploy.0 = Debug|Any CPU
		{3192EBD0-48D5-4731-8A94-9399D38C16D0}.Release|Any CPU.ActiveCfg = Release|Any CPU
		{3192EBD0-48D5-4731-8A94-9399D38C16D0}.Release|Any CPU.Build.0 = Release|Any CPU
		{3192EBD0-48D5-4731-8A94-9399D38C16D0}.Release|Any CPU.Deploy.0 = Release|Any CPU
	EndGlobalSection
	GlobalSection(SolutionProperties) = preSolution
		HideSolutionNode = FALSE
	EndGlobalSection
	GlobalSection(ExtensibilityGlobals) = postSolution
		SolutionGuid = {D0B92506-BD20-474A-9E6A-5ACD448A7681}
	EndGlobalSection
EndGlobal
